// !$*UTF8*$!
{
	archiveVersion = 1;
	classes = {
	};
	objectVersion = 48;
	objects = {

/* Begin PBXBuildFile section */
		4C4A21A51FD2FB8700792DF4 /* AppDelegate.swift in Sources */ = {isa = PBXBuildFile; fileRef = 4C4A21A41FD2FB8700792DF4 /* AppDelegate.swift */; };
		4C4A21A71FD2FB8700792DF4 /* MovieViewController.swift in Sources */ = {isa = PBXBuildFile; fileRef = 4C4A21A61FD2FB8700792DF4 /* MovieViewController.swift */; };
		4C4A21AC1FD2FB8700792DF4 /* Assets.xcassets in Resources */ = {isa = PBXBuildFile; fileRef = 4C4A21AB1FD2FB8700792DF4 /* Assets.xcassets */; };
		4C4A21AF1FD2FB8700792DF4 /* LaunchScreen.storyboard in Resources */ = {isa = PBXBuildFile; fileRef = 4C4A21AD1FD2FB8700792DF4 /* LaunchScreen.storyboard */; };
		4C4A21B81FD2FD5C00792DF4 /* FunctionalTableData.framework in Frameworks */ = {isa = PBXBuildFile; fileRef = 4C4A21B71FD2FD5C00792DF4 /* FunctionalTableData.framework */; };
		4C4A21BA1FD2FD5D00792DF4 /* ActionKit.framework in Frameworks */ = {isa = PBXBuildFile; fileRef = 4C4A21B91FD2FD5D00792DF4 /* ActionKit.framework */; };
		4C4A21BD1FD3A3AE00792DF4 /* FunctionalViewController.swift in Sources */ = {isa = PBXBuildFile; fileRef = 4C4A21BC1FD3A3AE00792DF4 /* FunctionalViewController.swift */; };
		4C4A21BF1FD3AA9600792DF4 /* LabelCell.swift in Sources */ = {isa = PBXBuildFile; fileRef = 4C4A21BE1FD3AA9600792DF4 /* LabelCell.swift */; };
		4C4A21C31FD48C8C00792DF4 /* Movie.swift in Sources */ = {isa = PBXBuildFile; fileRef = 4C4A21C21FD48C8C00792DF4 /* Movie.swift */; };
		4C4A21C61FD48D0E00792DF4 /* ButtonCell.swift in Sources */ = {isa = PBXBuildFile; fileRef = 4C4A21C51FD48D0E00792DF4 /* ButtonCell.swift */; };
		4C67E8F11FD49AA9007AAF0A /* Movies.swift in Sources */ = {isa = PBXBuildFile; fileRef = 4C67E8F01FD49AA9007AAF0A /* Movies.swift */; };
		4C67E8F31FD49BC8007AAF0A /* MoviesViewController.swift in Sources */ = {isa = PBXBuildFile; fileRef = 4C67E8F21FD49BC8007AAF0A /* MoviesViewController.swift */; };
/* End PBXBuildFile section */

/* Begin PBXFileReference section */
		4C4A21A11FD2FB8700792DF4 /* Project-01.app */ = {isa = PBXFileReference; explicitFileType = wrapper.application; includeInIndex = 0; path = "Project-01.app"; sourceTree = BUILT_PRODUCTS_DIR; };
		4C4A21A41FD2FB8700792DF4 /* AppDelegate.swift */ = {isa = PBXFileReference; lastKnownFileType = sourcecode.swift; path = AppDelegate.swift; sourceTree = "<group>"; };
		4C4A21A61FD2FB8700792DF4 /* MovieViewController.swift */ = {isa = PBXFileReference; lastKnownFileType = sourcecode.swift; path = MovieViewController.swift; sourceTree = "<group>"; };
		4C4A21AB1FD2FB8700792DF4 /* Assets.xcassets */ = {isa = PBXFileReference; lastKnownFileType = folder.assetcatalog; path = Assets.xcassets; sourceTree = "<group>"; };
		4C4A21AE1FD2FB8700792DF4 /* Base */ = {isa = PBXFileReference; lastKnownFileType = file.storyboard; name = Base; path = Base.lproj/LaunchScreen.storyboard; sourceTree = "<group>"; };
		4C4A21B01FD2FB8700792DF4 /* Info.plist */ = {isa = PBXFileReference; lastKnownFileType = text.plist.xml; path = Info.plist; sourceTree = "<group>"; };
		4C4A21B71FD2FD5C00792DF4 /* FunctionalTableData.framework */ = {isa = PBXFileReference; lastKnownFileType = wrapper.framework; name = FunctionalTableData.framework; path = Carthage/Build/iOS/FunctionalTableData.framework; sourceTree = "<group>"; };
		4C4A21B91FD2FD5D00792DF4 /* ActionKit.framework */ = {isa = PBXFileReference; lastKnownFileType = wrapper.framework; name = ActionKit.framework; path = Carthage/Build/iOS/ActionKit.framework; sourceTree = "<group>"; };
		4C4A21BC1FD3A3AE00792DF4 /* FunctionalViewController.swift */ = {isa = PBXFileReference; lastKnownFileType = sourcecode.swift; path = FunctionalViewController.swift; sourceTree = "<group>"; };
		4C4A21BE1FD3AA9600792DF4 /* LabelCell.swift */ = {isa = PBXFileReference; lastKnownFileType = sourcecode.swift; path = LabelCell.swift; sourceTree = "<group>"; };
		4C4A21C21FD48C8C00792DF4 /* Movie.swift */ = {isa = PBXFileReference; fileEncoding = 4; lastKnownFileType = sourcecode.swift; path = Movie.swift; sourceTree = "<group>"; };
		4C4A21C51FD48D0E00792DF4 /* ButtonCell.swift */ = {isa = PBXFileReference; lastKnownFileType = sourcecode.swift; path = ButtonCell.swift; sourceTree = "<group>"; };
		4C67E8F01FD49AA9007AAF0A /* Movies.swift */ = {isa = PBXFileReference; lastKnownFileType = sourcecode.swift; path = Movies.swift; sourceTree = "<group>"; };
		4C67E8F21FD49BC8007AAF0A /* MoviesViewController.swift */ = {isa = PBXFileReference; lastKnownFileType = sourcecode.swift; path = MoviesViewController.swift; sourceTree = "<group>"; };
/* End PBXFileReference section */

/* Begin PBXFrameworksBuildPhase section */
		4C4A219E1FD2FB8700792DF4 /* Frameworks */ = {
			isa = PBXFrameworksBuildPhase;
			buildActionMask = 2147483647;
			files = (
				4C4A21B81FD2FD5C00792DF4 /* FunctionalTableData.framework in Frameworks */,
				4C4A21BA1FD2FD5D00792DF4 /* ActionKit.framework in Frameworks */,
			);
			runOnlyForDeploymentPostprocessing = 0;
		};
/* End PBXFrameworksBuildPhase section */

/* Begin PBXGroup section */
		4C4A21981FD2FB8700792DF4 = {
			isa = PBXGroup;
			children = (
				4C4A21A31FD2FB8700792DF4 /* Project-01 */,
				4C4A21A21FD2FB8700792DF4 /* Products */,
				4C4A21B61FD2FD5B00792DF4 /* Frameworks */,
			);
			sourceTree = "<group>";
		};
		4C4A21A21FD2FB8700792DF4 /* Products */ = {
			isa = PBXGroup;
			children = (
				4C4A21A11FD2FB8700792DF4 /* Project-01.app */,
			);
			name = Products;
			sourceTree = "<group>";
		};
		4C4A21A31FD2FB8700792DF4 /* Project-01 */ = {
			isa = PBXGroup;
			children = (
				4C4A21A41FD2FB8700792DF4 /* AppDelegate.swift */,
				4C4A21C41FD48CF300792DF4 /* Models */,
				4C4A21C11FD3AAAC00792DF4 /* View Controllers */,
				4C4A21C01FD3AA9B00792DF4 /* Cells */,
				4C4A21AB1FD2FB8700792DF4 /* Assets.xcassets */,
				4C4A21AD1FD2FB8700792DF4 /* LaunchScreen.storyboard */,
				4C4A21B01FD2FB8700792DF4 /* Info.plist */,
			);
			path = "Project-01";
			sourceTree = "<group>";
		};
		4C4A21B61FD2FD5B00792DF4 /* Frameworks */ = {
			isa = PBXGroup;
			children = (
				4C4A21B91FD2FD5D00792DF4 /* ActionKit.framework */,
				4C4A21B71FD2FD5C00792DF4 /* FunctionalTableData.framework */,
			);
			name = Frameworks;
			sourceTree = "<group>";
		};
		4C4A21C01FD3AA9B00792DF4 /* Cells */ = {
			isa = PBXGroup;
			children = (
				4C4A21BE1FD3AA9600792DF4 /* LabelCell.swift */,
				4C4A21C51FD48D0E00792DF4 /* ButtonCell.swift */,
			);
			path = Cells;
			sourceTree = "<group>";
		};
		4C4A21C11FD3AAAC00792DF4 /* View Controllers */ = {
			isa = PBXGroup;
			children = (
				4C4A21A61FD2FB8700792DF4 /* MovieViewController.swift */,
				4C67E8F21FD49BC8007AAF0A /* MoviesViewController.swift */,
				4C4A21BC1FD3A3AE00792DF4 /* FunctionalViewController.swift */,
			);
			path = "View Controllers";
			sourceTree = "<group>";
		};
		4C4A21C41FD48CF300792DF4 /* Models */ = {
			isa = PBXGroup;
			children = (
				4C4A21C21FD48C8C00792DF4 /* Movie.swift */,
				4C67E8F01FD49AA9007AAF0A /* Movies.swift */,
			);
			path = Models;
			sourceTree = "<group>";
		};
/* End PBXGroup section */

/* Begin PBXNativeTarget section */
		4C4A21A01FD2FB8700792DF4 /* Project-01 */ = {
			isa = PBXNativeTarget;
			buildConfigurationList = 4C4A21B31FD2FB8700792DF4 /* Build configuration list for PBXNativeTarget "Project-01" */;
			buildPhases = (
				4C4A219D1FD2FB8700792DF4 /* Sources */,
				4C4A219E1FD2FB8700792DF4 /* Frameworks */,
				4C4A219F1FD2FB8700792DF4 /* Resources */,
				4C4A21BB1FD2FD7000792DF4 /* Carthage Script */,
			);
			buildRules = (
			);
			dependencies = (
			);
			name = "Project-01";
			productName = "Project-01";
			productReference = 4C4A21A11FD2FB8700792DF4 /* Project-01.app */;
			productType = "com.apple.product-type.application";
		};
/* End PBXNativeTarget section */

/* Begin PBXProject section */
		4C4A21991FD2FB8700792DF4 /* Project object */ = {
			isa = PBXProject;
			attributes = {
				LastSwiftUpdateCheck = 0910;
				LastUpgradeCheck = 0910;
				ORGANIZATIONNAME = "Raul Riera";
				TargetAttributes = {
					4C4A21A01FD2FB8700792DF4 = {
						CreatedOnToolsVersion = 9.1;
						ProvisioningStyle = Automatic;
					};
				};
			};
			buildConfigurationList = 4C4A219C1FD2FB8700792DF4 /* Build configuration list for PBXProject "Project-01" */;
			compatibilityVersion = "Xcode 8.0";
			developmentRegion = en;
			hasScannedForEncodings = 0;
			knownRegions = (
				en,
				Base,
			);
			mainGroup = 4C4A21981FD2FB8700792DF4;
			productRefGroup = 4C4A21A21FD2FB8700792DF4 /* Products */;
			projectDirPath = "";
			projectRoot = "";
			targets = (
				4C4A21A01FD2FB8700792DF4 /* Project-01 */,
			);
		};
/* End PBXProject section */

/* Begin PBXResourcesBuildPhase section */
		4C4A219F1FD2FB8700792DF4 /* Resources */ = {
			isa = PBXResourcesBuildPhase;
			buildActionMask = 2147483647;
			files = (
				4C4A21AF1FD2FB8700792DF4 /* LaunchScreen.storyboard in Resources */,
				4C4A21AC1FD2FB8700792DF4 /* Assets.xcassets in Resources */,
			);
			runOnlyForDeploymentPostprocessing = 0;
		};
/* End PBXResourcesBuildPhase section */

/* Begin PBXShellScriptBuildPhase section */
		4C4A21BB1FD2FD7000792DF4 /* Carthage Script */ = {
			isa = PBXShellScriptBuildPhase;
			buildActionMask = 2147483647;
			files = (
			);
			inputPaths = (
				"$(SRCROOT)/Carthage/Build/iOS/FunctionalTableData.framework",
				"$(SRCROOT)/Carthage/Build/iOS/ActionKit.framework",
			);
			name = "Carthage Script";
			outputPaths = (
			);
			runOnlyForDeploymentPostprocessing = 0;
			shellPath = /bin/sh;
			shellScript = "/usr/local/bin/carthage copy-frameworks";
		};
/* End PBXShellScriptBuildPhase section */

/* Begin PBXSourcesBuildPhase section */
		4C4A219D1FD2FB8700792DF4 /* Sources */ = {
			isa = PBXSourcesBuildPhase;
			buildActionMask = 2147483647;
			files = (
				4C67E8F11FD49AA9007AAF0A /* Movies.swift in Sources */,
				4C4A21A71FD2FB8700792DF4 /* MovieViewController.swift in Sources */,
				4C4A21A51FD2FB8700792DF4 /* AppDelegate.swift in Sources */,
				4C4A21BF1FD3AA9600792DF4 /* LabelCell.swift in Sources */,
				4C4A21BD1FD3A3AE00792DF4 /* FunctionalViewController.swift in Sources */,
				4C4A21C31FD48C8C00792DF4 /* Movie.swift in Sources */,
				4C4A21C61FD48D0E00792DF4 /* ButtonCell.swift in Sources */,
				4C67E8F31FD49BC8007AAF0A /* MoviesViewController.swift in Sources */,
			);
			runOnlyForDeploymentPostprocessing = 0;
		};
/* End PBXSourcesBuildPhase section */

/* Begin PBXVariantGroup section */
		4C4A21AD1FD2FB8700792DF4 /* LaunchScreen.storyboard */ = {
			isa = PBXVariantGroup;
			children = (
				4C4A21AE1FD2FB8700792DF4 /* Base */,
			);
			name = LaunchScreen.storyboard;
			sourceTree = "<group>";
		};
/* End PBXVariantGroup section */

/* Begin XCBuildConfiguration section */
		4C4A21B11FD2FB8700792DF4 /* Debug */ = {
			isa = XCBuildConfiguration;
			buildSettings = {
				ALWAYS_SEARCH_USER_PATHS = NO;
				CLANG_ANALYZER_NONNULL = YES;
				CLANG_ANALYZER_NUMBER_OBJECT_CONVERSION = YES_AGGRESSIVE;
				CLANG_CXX_LANGUAGE_STANDARD = "gnu++14";
				CLANG_CXX_LIBRARY = "libc++";
				CLANG_ENABLE_MODULES = YES;
				CLANG_ENABLE_OBJC_ARC = YES;
				CLANG_WARN_BLOCK_CAPTURE_AUTORELEASING = YES;
				CLANG_WARN_BOOL_CONVERSION = YES;
				CLANG_WARN_COMMA = YES;
				CLANG_WARN_CONSTANT_CONVERSION = YES;
				CLANG_WARN_DIRECT_OBJC_ISA_USAGE = YES_ERROR;
				CLANG_WARN_DOCUMENTATION_COMMENTS = YES;
				CLANG_WARN_EMPTY_BODY = YES;
				CLANG_WARN_ENUM_CONVERSION = YES;
				CLANG_WARN_INFINITE_RECURSION = YES;
				CLANG_WARN_INT_CONVERSION = YES;
				CLANG_WARN_NON_LITERAL_NULL_CONVERSION = YES;
				CLANG_WARN_OBJC_LITERAL_CONVERSION = YES;
				CLANG_WARN_OBJC_ROOT_CLASS = YES_ERROR;
				CLANG_WARN_RANGE_LOOP_ANALYSIS = YES;
				CLANG_WARN_STRICT_PROTOTYPES = YES;
				CLANG_WARN_SUSPICIOUS_MOVE = YES;
				CLANG_WARN_UNGUARDED_AVAILABILITY = YES_AGGRESSIVE;
				CLANG_WARN_UNREACHABLE_CODE = YES;
				CLANG_WARN__DUPLICATE_METHOD_MATCH = YES;
				CODE_SIGN_IDENTITY = "iPhone Developer";
				COPY_PHASE_STRIP = NO;
				DEBUG_INFORMATION_FORMAT = dwarf;
				ENABLE_STRICT_OBJC_MSGSEND = YES;
				ENABLE_TESTABILITY = YES;
				GCC_C_LANGUAGE_STANDARD = gnu11;
				GCC_DYNAMIC_NO_PIC = NO;
				GCC_NO_COMMON_BLOCKS = YES;
				GCC_OPTIMIZATION_LEVEL = 0;
				GCC_PREPROCESSOR_DEFINITIONS = (
					"DEBUG=1",
					"$(inherited)",
				);
				GCC_WARN_64_TO_32_BIT_CONVERSION = YES;
				GCC_WARN_ABOUT_RETURN_TYPE = YES_ERROR;
				GCC_WARN_UNDECLARED_SELECTOR = YES;
				GCC_WARN_UNINITIALIZED_AUTOS = YES_AGGRESSIVE;
				GCC_WARN_UNUSED_FUNCTION = YES;
				GCC_WARN_UNUSED_VARIABLE = YES;
				IPHONEOS_DEPLOYMENT_TARGET = 11.1;
				MTL_ENABLE_DEBUG_INFO = YES;
				ONLY_ACTIVE_ARCH = YES;
				SDKROOT = iphoneos;
				SWIFT_ACTIVE_COMPILATION_CONDITIONS = DEBUG;
				SWIFT_OPTIMIZATION_LEVEL = "-Onone";
			};
			name = Debug;
		};
		4C4A21B21FD2FB8700792DF4 /* Release */ = {
			isa = XCBuildConfiguration;
			buildSettings = {
				ALWAYS_SEARCH_USER_PATHS = NO;
				CLANG_ANALYZER_NONNULL = YES;
				CLANG_ANALYZER_NUMBER_OBJECT_CONVERSION = YES_AGGRESSIVE;
				CLANG_CXX_LANGUAGE_STANDARD = "gnu++14";
				CLANG_CXX_LIBRARY = "libc++";
				CLANG_ENABLE_MODULES = YES;
				CLANG_ENABLE_OBJC_ARC = YES;
				CLANG_WARN_BLOCK_CAPTURE_AUTORELEASING = YES;
				CLANG_WARN_BOOL_CONVERSION = YES;
				CLANG_WARN_COMMA = YES;
				CLANG_WARN_CONSTANT_CONVERSION = YES;
				CLANG_WARN_DIRECT_OBJC_ISA_USAGE = YES_ERROR;
				CLANG_WARN_DOCUMENTATION_COMMENTS = YES;
				CLANG_WARN_EMPTY_BODY = YES;
				CLANG_WARN_ENUM_CONVERSION = YES;
				CLANG_WARN_INFINITE_RECURSION = YES;
				CLANG_WARN_INT_CONVERSION = YES;
				CLANG_WARN_NON_LITERAL_NULL_CONVERSION = YES;
				CLANG_WARN_OBJC_LITERAL_CONVERSION = YES;
				CLANG_WARN_OBJC_ROOT_CLASS = YES_ERROR;
				CLANG_WARN_RANGE_LOOP_ANALYSIS = YES;
				CLANG_WARN_STRICT_PROTOTYPES = YES;
				CLANG_WARN_SUSPICIOUS_MOVE = YES;
				CLANG_WARN_UNGUARDED_AVAILABILITY = YES_AGGRESSIVE;
				CLANG_WARN_UNREACHABLE_CODE = YES;
				CLANG_WARN__DUPLICATE_METHOD_MATCH = YES;
				CODE_SIGN_IDENTITY = "iPhone Developer";
				COPY_PHASE_STRIP = NO;
				DEBUG_INFORMATION_FORMAT = "dwarf-with-dsym";
				ENABLE_NS_ASSERTIONS = NO;
				ENABLE_STRICT_OBJC_MSGSEND = YES;
				GCC_C_LANGUAGE_STANDARD = gnu11;
				GCC_NO_COMMON_BLOCKS = YES;
				GCC_WARN_64_TO_32_BIT_CONVERSION = YES;
				GCC_WARN_ABOUT_RETURN_TYPE = YES_ERROR;
				GCC_WARN_UNDECLARED_SELECTOR = YES;
				GCC_WARN_UNINITIALIZED_AUTOS = YES_AGGRESSIVE;
				GCC_WARN_UNUSED_FUNCTION = YES;
				GCC_WARN_UNUSED_VARIABLE = YES;
				IPHONEOS_DEPLOYMENT_TARGET = 11.1;
				MTL_ENABLE_DEBUG_INFO = NO;
				SDKROOT = iphoneos;
				SWIFT_OPTIMIZATION_LEVEL = "-Owholemodule";
				VALIDATE_PRODUCT = YES;
			};
			name = Release;
		};
		4C4A21B41FD2FB8700792DF4 /* Debug */ = {
			isa = XCBuildConfiguration;
			buildSettings = {
				ASSETCATALOG_COMPILER_APPICON_NAME = AppIcon;
				CODE_SIGN_STYLE = Automatic;
				DEVELOPMENT_TEAM = R64MTWS872;
				FRAMEWORK_SEARCH_PATHS = (
					"$(inherited)",
					"$(PROJECT_DIR)/Carthage/Build/iOS",
				);
				INFOPLIST_FILE = "Project-01/Info.plist";
				LD_RUNPATH_SEARCH_PATHS = "$(inherited) @executable_path/Frameworks";
				PRODUCT_BUNDLE_IDENTIFIER = "com.raulriera.Project-01";
				PRODUCT_NAME = "$(TARGET_NAME)";
				SWIFT_VERSION = 4.0;
				TARGETED_DEVICE_FAMILY = "1,2";
			};
			name = Debug;
		};
		4C4A21B51FD2FB8700792DF4 /* Release */ = {
			isa = XCBuildConfiguration;
			buildSettings = {
				ASSETCATALOG_COMPILER_APPICON_NAME = AppIcon;
				CODE_SIGN_STYLE = Automatic;
				DEVELOPMENT_TEAM = R64MTWS872;
				FRAMEWORK_SEARCH_PATHS = (
					"$(inherited)",
					"$(PROJECT_DIR)/Carthage/Build/iOS",
				);
				INFOPLIST_FILE = "Project-01/Info.plist";
				LD_RUNPATH_SEARCH_PATHS = "$(inherited) @executable_path/Frameworks";
				PRODUCT_BUNDLE_IDENTIFIER = "com.raulriera.Project-01";
				PRODUCT_NAME = "$(TARGET_NAME)";
				SWIFT_VERSION = 4.0;
				TARGETED_DEVICE_FAMILY = "1,2";
			};
			name = Release;
		};
/* End XCBuildConfiguration section */

/* Begin XCConfigurationList section */
		4C4A219C1FD2FB8700792DF4 /* Build configuration list for PBXProject "Project-01" */ = {
			isa = XCConfigurationList;
			buildConfigurations = (
				4C4A21B11FD2FB8700792DF4 /* Debug */,
				4C4A21B21FD2FB8700792DF4 /* Release */,
			);
			defaultConfigurationIsVisible = 0;
			defaultConfigurationName = Release;
		};
		4C4A21B31FD2FB8700792DF4 /* Build configuration list for PBXNativeTarget "Project-01" */ = {
			isa = XCConfigurationList;
			buildConfigurations = (
				4C4A21B41FD2FB8700792DF4 /* Debug */,
				4C4A21B51FD2FB8700792DF4 /* Release */,
			);
			defaultConfigurationIsVisible = 0;
			defaultConfigurationName = Release;
		};
/* End XCConfigurationList section */
	};
	rootObject = 4C4A21991FD2FB8700792DF4 /* Project object */;
}
